{
  "requires": true,
  "lockfileVersion": 1,
  "dependencies": {
    "@capacitor/camera": {
      "version": "1.2.4",
      "resolved": "https://registry.npmjs.org/@capacitor/camera/-/camera-1.2.4.tgz",
      "integrity": "sha512-H7ZelJq+SdPBe9xVzxo5/5bZmYdEprd4hHAiMlNIu3ZmS5qf0C39nMAK2KZ88/BM7OrUkJQ2qzdZ26MfUSD8iw=="
    },
    "@capacitor/filesystem": {
      "version": "1.1.0",
      "resolved": "https://registry.npmjs.org/@capacitor/filesystem/-/filesystem-1.1.0.tgz",
      "integrity": "sha512-8O3UuvL8HNUEJvZnmn8yUmvgB1evtXfcF0oxIo3YbSlylqywJwS3JTiuhKmsvSxCdpbTy8IaTsutVh3gZgWbKg=="
    },
    "@capacitor/storage": {
      "version": "1.2.4",
      "resolved": "https://registry.npmjs.org/@capacitor/storage/-/storage-1.2.4.tgz",
      "integrity": "sha512-AqA4KnCQNOmFJ1HuSfmyPf5jz80JY2cX04Uy4j1hpo5ex9bY6W8mUKLsePakTzt4ScDnYuOaXsmusUrpglgPfQ=="
    },
    "@ionic/pwa-elements": {
      "version": "3.1.1",
      "resolved": "https://registry.npmjs.org/@ionic/pwa-elements/-/pwa-elements-3.1.1.tgz",
      "integrity": "sha512-BoEX1pSrKn5dP4VQwaf8DweAmT4ynmpW+9f6oj/W1xLe54bmuXcUY07ziuZX1DLu50xHSYcO5qJ/dbYC/w6wgA=="
    },
    "axios": {
      "version": "0.25.0",
      "resolved": "https://registry.npmjs.org/axios/-/axios-0.25.0.tgz",
      "integrity": "sha512-cD8FOb0tRH3uuEe6+evtAbgJtfxr7ly3fQjYcMcuPlgkwVS9xboaVIpcDV+cYQe+yGykgwZCs1pzjntcGa6l5g==",
      "requires": {
        "follow-redirects": "^1.14.7"
      }
    },
    "follow-redirects": {
      "version": "1.14.7",
      "resolved": "https://registry.npmjs.org/follow-redirects/-/follow-redirects-1.14.7.tgz",
      "integrity": "sha512-+hbxoLbFMbRKDwohX8GkTataGqO6Jb7jGwpAlwgy2bIz25XtRm7KEzJM76R1WiNT5SwZkX4Y75SwBolkpmE7iQ=="
    }
  }
}
