
Microsoft Visual Studio Solution File, Format Version 12.00
Project("{FAE04EC0-301F-11D3-BF4B-00C04F79EFBC}") = "MatrixTreeProblem", "MatrixTreeProblem\MatrixTreeProblem.csproj", "{E895C283-1670-4467-99ED-C1BE4CEA4337}"
EndProject
Global
	GlobalSection(SolutionConfigurationPlatforms) = preSolution
		Debug|Any CPU = Debug|Any CPU
		Release|Any CPU = Release|Any CPU
	EndGlobalSection
	GlobalSection(ProjectConfigurationPlatforms) = postSolution
		{E895C283-1670-4467-99ED-C1BE4CEA4337}.Debug|Any CPU.ActiveCfg = Debug|Any CPU
		{E895C283-1670-4467-99ED-C1BE4CEA4337}.Debug|Any CPU.Build.0 = Debug|Any CPU
		{E895C283-1670-4467-99ED-C1BE4CEA4337}.Release|Any CPU.ActiveCfg = Release|Any CPU
		{E895C283-1670-4467-99ED-C1BE4CEA4337}.Release|Any CPU.Build.0 = Release|Any CPU
	EndGlobalSection
EndGlobal
