
Microsoft Visual Studio Solution File, Format Version 12.00
Project("{FAE04EC0-301F-11D3-BF4B-00C04F79EFBC}") = "MatrixAdditionMpi", "MatrixAdditionMpi.csproj", "{A99D9B1B-DDE8-411B-875F-81EDEE2965CF}"
EndProject
Global
	GlobalSection(SolutionConfigurationPlatforms) = preSolution
		Debug|Any CPU = Debug|Any CPU
		Release|Any CPU = Release|Any CPU
	EndGlobalSection
	GlobalSection(ProjectConfigurationPlatforms) = postSolution
		{A99D9B1B-DDE8-411B-875F-81EDEE2965CF}.Debug|Any CPU.ActiveCfg = Debug|Any CPU
		{A99D9B1B-DDE8-411B-875F-81EDEE2965CF}.Debug|Any CPU.Build.0 = Debug|Any CPU
		{A99D9B1B-DDE8-411B-875F-81EDEE2965CF}.Release|Any CPU.ActiveCfg = Release|Any CPU
		{A99D9B1B-DDE8-411B-875F-81EDEE2965CF}.Release|Any CPU.Build.0 = Release|Any CPU
	EndGlobalSection
EndGlobal
